
Microsoft Visual Studio Solution File, Format Version 12.00
# Visual Studio 15
VisualStudioVersion = 15.0.26124.0
MinimumVisualStudioVersion = 15.0.26124.0
Project("{FAE04EC0-301F-11D3-BF4B-00C04F79EFBC}") = "Desafio1Test", "Desafio1Test\Desafio1Test.csproj", "{0BB6FCA6-4808-43F3-A4D2-B7B144A6A180}"
EndProject
Project("{FAE04EC0-301F-11D3-BF4B-00C04F79EFBC}") = "Desafio1Lib", "Desafio1Lib\Desafio1Lib.csproj", "{65499D8F-C677-4F5C-B98A-85F331BF78F3}"
EndProject
Project("{FAE04EC0-301F-11D3-BF4B-00C04F79EFBC}") = "Desafio2Lib", "Desafio2Lib\Desafio2Lib.csproj", "{7B44AF10-18C3-4C42-8309-DB586DB38CC5}"
EndProject
Project("{FAE04EC0-301F-11D3-BF4B-00C04F79EFBC}") = "Desafio2Test", "Desafio2Test\Desafio2Test.csproj", "{29C9E050-53C7-47AB-8E4E-374E9E971F7B}"
EndProject
Project("{FAE04EC0-301F-11D3-BF4B-00C04F79EFBC}") = "Desafio3Lib", "Desafio3Lib\Desafio3Lib.csproj", "{7C9933F0-1EAE-4C33-9CCD-5D276221EC1E}"
EndProject
Project("{FAE04EC0-301F-11D3-BF4B-00C04F79EFBC}") = "Desafio3Test", "Desafio3Test\Desafio3Test.csproj", "{C2473F0D-1B13-43C8-AF83-13FC0D57B4B2}"
EndProject
Project("{FAE04EC0-301F-11D3-BF4B-00C04F79EFBC}") = "Desafio4Lib", "Desafio4Lib\Desafio4Lib.csproj", "{3B2EF143-23F3-4586-9BFD-D46786E84C77}"
EndProject
Project("{FAE04EC0-301F-11D3-BF4B-00C04F79EFBC}") = "Desafio4Test", "Desafio4Test\Desafio4Test.csproj", "{4767C853-5CDD-4AD0-A34B-60EFC7566CC0}"
EndProject
Project("{FAE04EC0-301F-11D3-BF4B-00C04F79EFBC}") = "Desafio5Lib", "Desafio5Lib\Desafio5Lib.csproj", "{C2BFCDB8-488C-4D31-ADC6-DD7F8B16DE65}"
EndProject
Project("{FAE04EC0-301F-11D3-BF4B-00C04F79EFBC}") = "Desafio5Test", "Desafio5Test\Desafio5Test.csproj", "{D373D842-7B51-4FF8-B829-AD03CB6F0F44}"
EndProject
Project("{FAE04EC0-301F-11D3-BF4B-00C04F79EFBC}") = "Runner", "Runner\Runner.csproj", "{C5764B6B-A857-4293-B178-7D6DD268CB3B}"
EndProject
Global
	GlobalSection(SolutionConfigurationPlatforms) = preSolution
		Debug|Any CPU = Debug|Any CPU
		Debug|x64 = Debug|x64
		Debug|x86 = Debug|x86
		Release|Any CPU = Release|Any CPU
		Release|x64 = Release|x64
		Release|x86 = Release|x86
	EndGlobalSection
	GlobalSection(SolutionProperties) = preSolution
		HideSolutionNode = FALSE
	EndGlobalSection
	GlobalSection(ProjectConfigurationPlatforms) = postSolution
		{0BB6FCA6-4808-43F3-A4D2-B7B144A6A180}.Debug|Any CPU.ActiveCfg = Debug|Any CPU
		{0BB6FCA6-4808-43F3-A4D2-B7B144A6A180}.Debug|Any CPU.Build.0 = Debug|Any CPU
		{0BB6FCA6-4808-43F3-A4D2-B7B144A6A180}.Debug|x64.ActiveCfg = Debug|Any CPU
		{0BB6FCA6-4808-43F3-A4D2-B7B144A6A180}.Debug|x64.Build.0 = Debug|Any CPU
		{0BB6FCA6-4808-43F3-A4D2-B7B144A6A180}.Debug|x86.ActiveCfg = Debug|Any CPU
		{0BB6FCA6-4808-43F3-A4D2-B7B144A6A180}.Debug|x86.Build.0 = Debug|Any CPU
		{0BB6FCA6-4808-43F3-A4D2-B7B144A6A180}.Release|Any CPU.ActiveCfg = Release|Any CPU
		{0BB6FCA6-4808-43F3-A4D2-B7B144A6A180}.Release|Any CPU.Build.0 = Release|Any CPU
		{0BB6FCA6-4808-43F3-A4D2-B7B144A6A180}.Release|x64.ActiveCfg = Release|Any CPU
		{0BB6FCA6-4808-43F3-A4D2-B7B144A6A180}.Release|x64.Build.0 = Release|Any CPU
		{0BB6FCA6-4808-43F3-A4D2-B7B144A6A180}.Release|x86.ActiveCfg = Release|Any CPU
		{0BB6FCA6-4808-43F3-A4D2-B7B144A6A180}.Release|x86.Build.0 = Release|Any CPU
		{65499D8F-C677-4F5C-B98A-85F331BF78F3}.Debug|Any CPU.ActiveCfg = Debug|Any CPU
		{65499D8F-C677-4F5C-B98A-85F331BF78F3}.Debug|Any CPU.Build.0 = Debug|Any CPU
		{65499D8F-C677-4F5C-B98A-85F331BF78F3}.Debug|x64.ActiveCfg = Debug|Any CPU
		{65499D8F-C677-4F5C-B98A-85F331BF78F3}.Debug|x64.Build.0 = Debug|Any CPU
		{65499D8F-C677-4F5C-B98A-85F331BF78F3}.Debug|x86.ActiveCfg = Debug|Any CPU
		{65499D8F-C677-4F5C-B98A-85F331BF78F3}.Debug|x86.Build.0 = Debug|Any CPU
		{65499D8F-C677-4F5C-B98A-85F331BF78F3}.Release|Any CPU.ActiveCfg = Release|Any CPU
		{65499D8F-C677-4F5C-B98A-85F331BF78F3}.Release|Any CPU.Build.0 = Release|Any CPU
		{65499D8F-C677-4F5C-B98A-85F331BF78F3}.Release|x64.ActiveCfg = Release|Any CPU
		{65499D8F-C677-4F5C-B98A-85F331BF78F3}.Release|x64.Build.0 = Release|Any CPU
		{65499D8F-C677-4F5C-B98A-85F331BF78F3}.Release|x86.ActiveCfg = Release|Any CPU
		{65499D8F-C677-4F5C-B98A-85F331BF78F3}.Release|x86.Build.0 = Release|Any CPU
		{7B44AF10-18C3-4C42-8309-DB586DB38CC5}.Debug|Any CPU.ActiveCfg = Debug|Any CPU
		{7B44AF10-18C3-4C42-8309-DB586DB38CC5}.Debug|Any CPU.Build.0 = Debug|Any CPU
		{7B44AF10-18C3-4C42-8309-DB586DB38CC5}.Debug|x64.ActiveCfg = Debug|Any CPU
		{7B44AF10-18C3-4C42-8309-DB586DB38CC5}.Debug|x64.Build.0 = Debug|Any CPU
		{7B44AF10-18C3-4C42-8309-DB586DB38CC5}.Debug|x86.ActiveCfg = Debug|Any CPU
		{7B44AF10-18C3-4C42-8309-DB586DB38CC5}.Debug|x86.Build.0 = Debug|Any CPU
		{7B44AF10-18C3-4C42-8309-DB586DB38CC5}.Release|Any CPU.ActiveCfg = Release|Any CPU
		{7B44AF10-18C3-4C42-8309-DB586DB38CC5}.Release|Any CPU.Build.0 = Release|Any CPU
		{7B44AF10-18C3-4C42-8309-DB586DB38CC5}.Release|x64.ActiveCfg = Release|Any CPU
		{7B44AF10-18C3-4C42-8309-DB586DB38CC5}.Release|x64.Build.0 = Release|Any CPU
		{7B44AF10-18C3-4C42-8309-DB586DB38CC5}.Release|x86.ActiveCfg = Release|Any CPU
		{7B44AF10-18C3-4C42-8309-DB586DB38CC5}.Release|x86.Build.0 = Release|Any CPU
		{29C9E050-53C7-47AB-8E4E-374E9E971F7B}.Debug|Any CPU.ActiveCfg = Debug|Any CPU
		{29C9E050-53C7-47AB-8E4E-374E9E971F7B}.Debug|Any CPU.Build.0 = Debug|Any CPU
		{29C9E050-53C7-47AB-8E4E-374E9E971F7B}.Debug|x64.ActiveCfg = Debug|Any CPU
		{29C9E050-53C7-47AB-8E4E-374E9E971F7B}.Debug|x64.Build.0 = Debug|Any CPU
		{29C9E050-53C7-47AB-8E4E-374E9E971F7B}.Debug|x86.ActiveCfg = Debug|Any CPU
		{29C9E050-53C7-47AB-8E4E-374E9E971F7B}.Debug|x86.Build.0 = Debug|Any CPU
		{29C9E050-53C7-47AB-8E4E-374E9E971F7B}.Release|Any CPU.ActiveCfg = Release|Any CPU
		{29C9E050-53C7-47AB-8E4E-374E9E971F7B}.Release|Any CPU.Build.0 = Release|Any CPU
		{29C9E050-53C7-47AB-8E4E-374E9E971F7B}.Release|x64.ActiveCfg = Release|Any CPU
		{29C9E050-53C7-47AB-8E4E-374E9E971F7B}.Release|x64.Build.0 = Release|Any CPU
		{29C9E050-53C7-47AB-8E4E-374E9E971F7B}.Release|x86.ActiveCfg = Release|Any CPU
		{29C9E050-53C7-47AB-8E4E-374E9E971F7B}.Release|x86.Build.0 = Release|Any CPU
		{7C9933F0-1EAE-4C33-9CCD-5D276221EC1E}.Debug|Any CPU.ActiveCfg = Debug|Any CPU
		{7C9933F0-1EAE-4C33-9CCD-5D276221EC1E}.Debug|Any CPU.Build.0 = Debug|Any CPU
		{7C9933F0-1EAE-4C33-9CCD-5D276221EC1E}.Debug|x64.ActiveCfg = Debug|Any CPU
		{7C9933F0-1EAE-4C33-9CCD-5D276221EC1E}.Debug|x64.Build.0 = Debug|Any CPU
		{7C9933F0-1EAE-4C33-9CCD-5D276221EC1E}.Debug|x86.ActiveCfg = Debug|Any CPU
		{7C9933F0-1EAE-4C33-9CCD-5D276221EC1E}.Debug|x86.Build.0 = Debug|Any CPU
		{7C9933F0-1EAE-4C33-9CCD-5D276221EC1E}.Release|Any CPU.ActiveCfg = Release|Any CPU
		{7C9933F0-1EAE-4C33-9CCD-5D276221EC1E}.Release|Any CPU.Build.0 = Release|Any CPU
		{7C9933F0-1EAE-4C33-9CCD-5D276221EC1E}.Release|x64.ActiveCfg = Release|Any CPU
		{7C9933F0-1EAE-4C33-9CCD-5D276221EC1E}.Release|x64.Build.0 = Release|Any CPU
		{7C9933F0-1EAE-4C33-9CCD-5D276221EC1E}.Release|x86.ActiveCfg = Release|Any CPU
		{7C9933F0-1EAE-4C33-9CCD-5D276221EC1E}.Release|x86.Build.0 = Release|Any CPU
		{C2473F0D-1B13-43C8-AF83-13FC0D57B4B2}.Debug|Any CPU.ActiveCfg = Debug|Any CPU
		{C2473F0D-1B13-43C8-AF83-13FC0D57B4B2}.Debug|Any CPU.Build.0 = Debug|Any CPU
		{C2473F0D-1B13-43C8-AF83-13FC0D57B4B2}.Debug|x64.ActiveCfg = Debug|Any CPU
		{C2473F0D-1B13-43C8-AF83-13FC0D57B4B2}.Debug|x64.Build.0 = Debug|Any CPU
		{C2473F0D-1B13-43C8-AF83-13FC0D57B4B2}.Debug|x86.ActiveCfg = Debug|Any CPU
		{C2473F0D-1B13-43C8-AF83-13FC0D57B4B2}.Debug|x86.Build.0 = Debug|Any CPU
		{C2473F0D-1B13-43C8-AF83-13FC0D57B4B2}.Release|Any CPU.ActiveCfg = Release|Any CPU
		{C2473F0D-1B13-43C8-AF83-13FC0D57B4B2}.Release|Any CPU.Build.0 = Release|Any CPU
		{C2473F0D-1B13-43C8-AF83-13FC0D57B4B2}.Release|x64.ActiveCfg = Release|Any CPU
		{C2473F0D-1B13-43C8-AF83-13FC0D57B4B2}.Release|x64.Build.0 = Release|Any CPU
		{C2473F0D-1B13-43C8-AF83-13FC0D57B4B2}.Release|x86.ActiveCfg = Release|Any CPU
		{C2473F0D-1B13-43C8-AF83-13FC0D57B4B2}.Release|x86.Build.0 = Release|Any CPU
		{3B2EF143-23F3-4586-9BFD-D46786E84C77}.Debug|Any CPU.ActiveCfg = Debug|Any CPU
		{3B2EF143-23F3-4586-9BFD-D46786E84C77}.Debug|Any CPU.Build.0 = Debug|Any CPU
		{3B2EF143-23F3-4586-9BFD-D46786E84C77}.Debug|x64.ActiveCfg = Debug|Any CPU
		{3B2EF143-23F3-4586-9BFD-D46786E84C77}.Debug|x64.Build.0 = Debug|Any CPU
		{3B2EF143-23F3-4586-9BFD-D46786E84C77}.Debug|x86.ActiveCfg = Debug|Any CPU
		{3B2EF143-23F3-4586-9BFD-D46786E84C77}.Debug|x86.Build.0 = Debug|Any CPU
		{3B2EF143-23F3-4586-9BFD-D46786E84C77}.Release|Any CPU.ActiveCfg = Release|Any CPU
		{3B2EF143-23F3-4586-9BFD-D46786E84C77}.Release|Any CPU.Build.0 = Release|Any CPU
		{3B2EF143-23F3-4586-9BFD-D46786E84C77}.Release|x64.ActiveCfg = Release|Any CPU
		{3B2EF143-23F3-4586-9BFD-D46786E84C77}.Release|x64.Build.0 = Release|Any CPU
		{3B2EF143-23F3-4586-9BFD-D46786E84C77}.Release|x86.ActiveCfg = Release|Any CPU
		{3B2EF143-23F3-4586-9BFD-D46786E84C77}.Release|x86.Build.0 = Release|Any CPU
		{4767C853-5CDD-4AD0-A34B-60EFC7566CC0}.Debug|Any CPU.ActiveCfg = Debug|Any CPU
		{4767C853-5CDD-4AD0-A34B-60EFC7566CC0}.Debug|Any CPU.Build.0 = Debug|Any CPU
		{4767C853-5CDD-4AD0-A34B-60EFC7566CC0}.Debug|x64.ActiveCfg = Debug|Any CPU
		{4767C853-5CDD-4AD0-A34B-60EFC7566CC0}.Debug|x64.Build.0 = Debug|Any CPU
		{4767C853-5CDD-4AD0-A34B-60EFC7566CC0}.Debug|x86.ActiveCfg = Debug|Any CPU
		{4767C853-5CDD-4AD0-A34B-60EFC7566CC0}.Debug|x86.Build.0 = Debug|Any CPU
		{4767C853-5CDD-4AD0-A34B-60EFC7566CC0}.Release|Any CPU.ActiveCfg = Release|Any CPU
		{4767C853-5CDD-4AD0-A34B-60EFC7566CC0}.Release|Any CPU.Build.0 = Release|Any CPU
		{4767C853-5CDD-4AD0-A34B-60EFC7566CC0}.Release|x64.ActiveCfg = Release|Any CPU
		{4767C853-5CDD-4AD0-A34B-60EFC7566CC0}.Release|x64.Build.0 = Release|Any CPU
		{4767C853-5CDD-4AD0-A34B-60EFC7566CC0}.Release|x86.ActiveCfg = Release|Any CPU
		{4767C853-5CDD-4AD0-A34B-60EFC7566CC0}.Release|x86.Build.0 = Release|Any CPU
		{C2BFCDB8-488C-4D31-ADC6-DD7F8B16DE65}.Debug|Any CPU.ActiveCfg = Debug|Any CPU
		{C2BFCDB8-488C-4D31-ADC6-DD7F8B16DE65}.Debug|Any CPU.Build.0 = Debug|Any CPU
		{C2BFCDB8-488C-4D31-ADC6-DD7F8B16DE65}.Debug|x64.ActiveCfg = Debug|Any CPU
		{C2BFCDB8-488C-4D31-ADC6-DD7F8B16DE65}.Debug|x64.Build.0 = Debug|Any CPU
		{C2BFCDB8-488C-4D31-ADC6-DD7F8B16DE65}.Debug|x86.ActiveCfg = Debug|Any CPU
		{C2BFCDB8-488C-4D31-ADC6-DD7F8B16DE65}.Debug|x86.Build.0 = Debug|Any CPU
		{C2BFCDB8-488C-4D31-ADC6-DD7F8B16DE65}.Release|Any CPU.ActiveCfg = Release|Any CPU
		{C2BFCDB8-488C-4D31-ADC6-DD7F8B16DE65}.Release|Any CPU.Build.0 = Release|Any CPU
		{C2BFCDB8-488C-4D31-ADC6-DD7F8B16DE65}.Release|x64.ActiveCfg = Release|Any CPU
		{C2BFCDB8-488C-4D31-ADC6-DD7F8B16DE65}.Release|x64.Build.0 = Release|Any CPU
		{C2BFCDB8-488C-4D31-ADC6-DD7F8B16DE65}.Release|x86.ActiveCfg = Release|Any CPU
		{C2BFCDB8-488C-4D31-ADC6-DD7F8B16DE65}.Release|x86.Build.0 = Release|Any CPU
		{D373D842-7B51-4FF8-B829-AD03CB6F0F44}.Debug|Any CPU.ActiveCfg = Debug|Any CPU
		{D373D842-7B51-4FF8-B829-AD03CB6F0F44}.Debug|Any CPU.Build.0 = Debug|Any CPU
		{D373D842-7B51-4FF8-B829-AD03CB6F0F44}.Debug|x64.ActiveCfg = Debug|Any CPU
		{D373D842-7B51-4FF8-B829-AD03CB6F0F44}.Debug|x64.Build.0 = Debug|Any CPU
		{D373D842-7B51-4FF8-B829-AD03CB6F0F44}.Debug|x86.ActiveCfg = Debug|Any CPU
		{D373D842-7B51-4FF8-B829-AD03CB6F0F44}.Debug|x86.Build.0 = Debug|Any CPU
		{D373D842-7B51-4FF8-B829-AD03CB6F0F44}.Release|Any CPU.ActiveCfg = Release|Any CPU
		{D373D842-7B51-4FF8-B829-AD03CB6F0F44}.Release|Any CPU.Build.0 = Release|Any CPU
		{D373D842-7B51-4FF8-B829-AD03CB6F0F44}.Release|x64.ActiveCfg = Release|Any CPU
		{D373D842-7B51-4FF8-B829-AD03CB6F0F44}.Release|x64.Build.0 = Release|Any CPU
		{D373D842-7B51-4FF8-B829-AD03CB6F0F44}.Release|x86.ActiveCfg = Release|Any CPU
		{D373D842-7B51-4FF8-B829-AD03CB6F0F44}.Release|x86.Build.0 = Release|Any CPU
		{C5764B6B-A857-4293-B178-7D6DD268CB3B}.Debug|Any CPU.ActiveCfg = Debug|Any CPU
		{C5764B6B-A857-4293-B178-7D6DD268CB3B}.Debug|Any CPU.Build.0 = Debug|Any CPU
		{C5764B6B-A857-4293-B178-7D6DD268CB3B}.Debug|x64.ActiveCfg = Debug|Any CPU
		{C5764B6B-A857-4293-B178-7D6DD268CB3B}.Debug|x64.Build.0 = Debug|Any CPU
		{C5764B6B-A857-4293-B178-7D6DD268CB3B}.Debug|x86.ActiveCfg = Debug|Any CPU
		{C5764B6B-A857-4293-B178-7D6DD268CB3B}.Debug|x86.Build.0 = Debug|Any CPU
		{C5764B6B-A857-4293-B178-7D6DD268CB3B}.Release|Any CPU.ActiveCfg = Release|Any CPU
		{C5764B6B-A857-4293-B178-7D6DD268CB3B}.Release|Any CPU.Build.0 = Release|Any CPU
		{C5764B6B-A857-4293-B178-7D6DD268CB3B}.Release|x64.ActiveCfg = Release|Any CPU
		{C5764B6B-A857-4293-B178-7D6DD268CB3B}.Release|x64.Build.0 = Release|Any CPU
		{C5764B6B-A857-4293-B178-7D6DD268CB3B}.Release|x86.ActiveCfg = Release|Any CPU
		{C5764B6B-A857-4293-B178-7D6DD268CB3B}.Release|x86.Build.0 = Release|Any CPU
	EndGlobalSection
EndGlobal
